// !$*UTF8*$!
{
	archiveVersion = 1;
	classes = {
	};
	objectVersion = 46;
	objects = {

/* Begin PBXBuildFile section */
		4936C93E1BA57F790061EBCA /* GuideTable.cpp in Sources */ = {isa = PBXBuildFile; fileRef = 4936C93C1BA57F790061EBCA /* GuideTable.cpp */; };
		4936C9431BA59B460061EBCA /* ImageReader.cpp in Sources */ = {isa = PBXBuildFile; fileRef = 4936C9411BA59B460061EBCA /* ImageReader.cpp */; };
		493E07AB1BA85BB7002CDA67 /* tempTestCode.cpp in Sources */ = {isa = PBXBuildFile; fileRef = 493E07AA1BA85BB7002CDA67 /* tempTestCode.cpp */; };
		49A0EB231B9E7761001C882B /* main.cpp in Sources */ = {isa = PBXBuildFile; fileRef = 49A0EB221B9E7761001C882B /* main.cpp */; };
/* End PBXBuildFile section */

/* Begin PBXCopyFilesBuildPhase section */
		49A0EB1D1B9E7761001C882B /* CopyFiles */ = {
			isa = PBXCopyFilesBuildPhase;
			buildActionMask = 2147483647;
			dstPath = /usr/share/man/man1/;
			dstSubfolderSpec = 0;
			files = (
			);
			runOnlyForDeploymentPostprocessing = 1;
		};
/* End PBXCopyFilesBuildPhase section */

/* Begin PBXFileReference section */
		4936C93A1BA57DFE0061EBCA /* ProjectConfig.h */ = {isa = PBXFileReference; lastKnownFileType = sourcecode.c.h; path = ProjectConfig.h; sourceTree = "<group>"; };
		4936C93C1BA57F790061EBCA /* GuideTable.cpp */ = {isa = PBXFileReference; fileEncoding = 4; lastKnownFileType = sourcecode.cpp.cpp; path = GuideTable.cpp; sourceTree = "<group>"; };
		4936C93D1BA57F790061EBCA /* GuideTable.h */ = {isa = PBXFileReference; fileEncoding = 4; lastKnownFileType = sourcecode.c.h; path = GuideTable.h; sourceTree = "<group>"; };
		4936C93F1BA582B50061EBCA /* GuideTableConfig.h */ = {isa = PBXFileReference; lastKnownFileType = sourcecode.c.h; path = GuideTableConfig.h; sourceTree = "<group>"; };
		4936C9401BA597BB0061EBCA /* main.h */ = {isa = PBXFileReference; lastKnownFileType = sourcecode.c.h; path = main.h; sourceTree = "<group>"; };
		4936C9411BA59B460061EBCA /* ImageReader.cpp */ = {isa = PBXFileReference; fileEncoding = 4; lastKnownFileType = sourcecode.cpp.cpp; path = ImageReader.cpp; sourceTree = "<group>"; };
		4936C9421BA59B460061EBCA /* ImageReader.h */ = {isa = PBXFileReference; fileEncoding = 4; lastKnownFileType = sourcecode.c.h; path = ImageReader.h; sourceTree = "<group>"; };
		493E07AA1BA85BB7002CDA67 /* tempTestCode.cpp */ = {isa = PBXFileReference; fileEncoding = 4; lastKnownFileType = sourcecode.cpp.cpp; path = tempTestCode.cpp; sourceTree = "<group>"; };
		49A0EB1F1B9E7761001C882B /* EdgeDetector */ = {isa = PBXFileReference; explicitFileType = "compiled.mach-o.executable"; includeInIndex = 0; path = EdgeDetector; sourceTree = BUILT_PRODUCTS_DIR; };
		49A0EB221B9E7761001C882B /* main.cpp */ = {isa = PBXFileReference; lastKnownFileType = sourcecode.cpp.cpp; path = main.cpp; sourceTree = "<group>"; };
/* End PBXFileReference section */

/* Begin PBXFrameworksBuildPhase section */
		49A0EB1C1B9E7761001C882B /* Frameworks */ = {
			isa = PBXFrameworksBuildPhase;
			buildActionMask = 2147483647;
			files = (
			);
			runOnlyForDeploymentPostprocessing = 0;
		};
/* End PBXFrameworksBuildPhase section */

/* Begin PBXGroup section */
		49A0EB161B9E7761001C882B = {
			isa = PBXGroup;
			children = (
				49A0EB211B9E7761001C882B /* EdgeDetector */,
				49A0EB201B9E7761001C882B /* Products */,
			);
			sourceTree = "<group>";
		};
		49A0EB201B9E7761001C882B /* Products */ = {
			isa = PBXGroup;
			children = (
				49A0EB1F1B9E7761001C882B /* EdgeDetector */,
			);
			name = Products;
			sourceTree = "<group>";
		};
		49A0EB211B9E7761001C882B /* EdgeDetector */ = {
			isa = PBXGroup;
			children = (
				49A0EB221B9E7761001C882B /* main.cpp */,
				4936C93A1BA57DFE0061EBCA /* ProjectConfig.h */,
				4936C93C1BA57F790061EBCA /* GuideTable.cpp */,
				4936C93D1BA57F790061EBCA /* GuideTable.h */,
				4936C93F1BA582B50061EBCA /* GuideTableConfig.h */,
				4936C9401BA597BB0061EBCA /* main.h */,
				4936C9411BA59B460061EBCA /* ImageReader.cpp */,
				4936C9421BA59B460061EBCA /* ImageReader.h */,
				493E07AA1BA85BB7002CDA67 /* tempTestCode.cpp */,
			);
			path = EdgeDetector;
			sourceTree = "<group>";
		};
/* End PBXGroup section */

/* Begin PBXNativeTarget section */
		49A0EB1E1B9E7761001C882B /* EdgeDetector */ = {
			isa = PBXNativeTarget;
			buildConfigurationList = 49A0EB261B9E7761001C882B /* Build configuration list for PBXNativeTarget "EdgeDetector" */;
			buildPhases = (
				49A0EB1B1B9E7761001C882B /* Sources */,
				49A0EB1C1B9E7761001C882B /* Frameworks */,
				49A0EB1D1B9E7761001C882B /* CopyFiles */,
			);
			buildRules = (
			);
			dependencies = (
			);
			name = EdgeDetector;
			productName = EdgeDetector;
			productReference = 49A0EB1F1B9E7761001C882B /* EdgeDetector */;
			productType = "com.apple.product-type.tool";
		};
/* End PBXNativeTarget section */

/* Begin PBXProject section */
		49A0EB171B9E7761001C882B /* Project object */ = {
			isa = PBXProject;
			attributes = {
				LastUpgradeCheck = 0610;
				ORGANIZATIONNAME = sensation;
				TargetAttributes = {
					49A0EB1E1B9E7761001C882B = {
						CreatedOnToolsVersion = 6.1;
					};
				};
			};
			buildConfigurationList = 49A0EB1A1B9E7761001C882B /* Build configuration list for PBXProject "EdgeDetector" */;
			compatibilityVersion = "Xcode 3.2";
			developmentRegion = English;
			hasScannedForEncodings = 0;
			knownRegions = (
				en,
			);
			mainGroup = 49A0EB161B9E7761001C882B;
			productRefGroup = 49A0EB201B9E7761001C882B /* Products */;
			projectDirPath = "";
			projectRoot = "";
			targets = (
				49A0EB1E1B9E7761001C882B /* EdgeDetector */,
			);
		};
/* End PBXProject section */

/* Begin PBXSourcesBuildPhase section */
		49A0EB1B1B9E7761001C882B /* Sources */ = {
			isa = PBXSourcesBuildPhase;
			buildActionMask = 2147483647;
			files = (
				49A0EB231B9E7761001C882B /* main.cpp in Sources */,
				4936C93E1BA57F790061EBCA /* GuideTable.cpp in Sources */,
				493E07AB1BA85BB7002CDA67 /* tempTestCode.cpp in Sources */,
				4936C9431BA59B460061EBCA /* ImageReader.cpp in Sources */,
			);
			runOnlyForDeploymentPostprocessing = 0;
		};
/* End PBXSourcesBuildPhase section */

/* Begin XCBuildConfiguration section */
		49A0EB241B9E7761001C882B /* Debug */ = {
			isa = XCBuildConfiguration;
			buildSettings = {
				ALWAYS_SEARCH_USER_PATHS = NO;
				CLANG_CXX_LANGUAGE_STANDARD = "gnu++0x";
				CLANG_CXX_LIBRARY = "libc++";
				CLANG_ENABLE_MODULES = YES;
				CLANG_ENABLE_OBJC_ARC = YES;
				CLANG_WARN_BOOL_CONVERSION = YES;
				CLANG_WARN_CONSTANT_CONVERSION = YES;
				CLANG_WARN_DIRECT_OBJC_ISA_USAGE = YES_ERROR;
				CLANG_WARN_EMPTY_BODY = YES;
				CLANG_WARN_ENUM_CONVERSION = YES;
				CLANG_WARN_INT_CONVERSION = YES;
				CLANG_WARN_OBJC_ROOT_CLASS = YES_ERROR;
				CLANG_WARN_UNREACHABLE_CODE = YES;
				CLANG_WARN__DUPLICATE_METHOD_MATCH = YES;
				COPY_PHASE_STRIP = NO;
				ENABLE_STRICT_OBJC_MSGSEND = YES;
				GCC_C_LANGUAGE_STANDARD = gnu99;
				GCC_DYNAMIC_NO_PIC = NO;
				GCC_OPTIMIZATION_LEVEL = 0;
				GCC_PREPROCESSOR_DEFINITIONS = (
					"DEBUG=1",
					"$(inherited)",
				);
				GCC_SYMBOLS_PRIVATE_EXTERN = NO;
				GCC_WARN_64_TO_32_BIT_CONVERSION = YES;
				GCC_WARN_ABOUT_RETURN_TYPE = YES_ERROR;
				GCC_WARN_UNDECLARED_SELECTOR = YES;
				GCC_WARN_UNINITIALIZED_AUTOS = YES_AGGRESSIVE;
				GCC_WARN_UNUSED_FUNCTION = YES;
				GCC_WARN_UNUSED_VARIABLE = YES;
				MACOSX_DEPLOYMENT_TARGET = 10.10;
				MTL_ENABLE_DEBUG_INFO = YES;
				ONLY_ACTIVE_ARCH = YES;
				SDKROOT = macosx;
			};
			name = Debug;
		};
		49A0EB251B9E7761001C882B /* Release */ = {
			isa = XCBuildConfiguration;
			buildSettings = {
				ALWAYS_SEARCH_USER_PATHS = NO;
				CLANG_CXX_LANGUAGE_STANDARD = "gnu++0x";
				CLANG_CXX_LIBRARY = "libc++";
				CLANG_ENABLE_MODULES = YES;
				CLANG_ENABLE_OBJC_ARC = YES;
				CLANG_WARN_BOOL_CONVERSION = YES;
				CLANG_WARN_CONSTANT_CONVERSION = YES;
				CLANG_WARN_DIRECT_OBJC_ISA_USAGE = YES_ERROR;
				CLANG_WARN_EMPTY_BODY = YES;
				CLANG_WARN_ENUM_CONVERSION = YES;
				CLANG_WARN_INT_CONVERSION = YES;
				CLANG_WARN_OBJC_ROOT_CLASS = YES_ERROR;
				CLANG_WARN_UNREACHABLE_CODE = YES;
				CLANG_WARN__DUPLICATE_METHOD_MATCH = YES;
				COPY_PHASE_STRIP = YES;
				DEBUG_INFORMATION_FORMAT = "dwarf-with-dsym";
				ENABLE_NS_ASSERTIONS = NO;
				ENABLE_STRICT_OBJC_MSGSEND = YES;
				GCC_C_LANGUAGE_STANDARD = gnu99;
				GCC_WARN_64_TO_32_BIT_CONVERSION = YES;
				GCC_WARN_ABOUT_RETURN_TYPE = YES_ERROR;
				GCC_WARN_UNDECLARED_SELECTOR = YES;
				GCC_WARN_UNINITIALIZED_AUTOS = YES_AGGRESSIVE;
				GCC_WARN_UNUSED_FUNCTION = YES;
				GCC_WARN_UNUSED_VARIABLE = YES;
				MACOSX_DEPLOYMENT_TARGET = 10.10;
				MTL_ENABLE_DEBUG_INFO = NO;
				SDKROOT = macosx;
			};
			name = Release;
		};
		49A0EB271B9E7761001C882B /* Debug */ = {
			isa = XCBuildConfiguration;
			buildSettings = {
				PRODUCT_NAME = "$(TARGET_NAME)";
			};
			name = Debug;
		};
		49A0EB281B9E7761001C882B /* Release */ = {
			isa = XCBuildConfiguration;
			buildSettings = {
				PRODUCT_NAME = "$(TARGET_NAME)";
			};
			name = Release;
		};
/* End XCBuildConfiguration section */

/* Begin XCConfigurationList section */
		49A0EB1A1B9E7761001C882B /* Build configuration list for PBXProject "EdgeDetector" */ = {
			isa = XCConfigurationList;
			buildConfigurations = (
				49A0EB241B9E7761001C882B /* Debug */,
				49A0EB251B9E7761001C882B /* Release */,
			);
			defaultConfigurationIsVisible = 0;
			defaultConfigurationName = Release;
		};
		49A0EB261B9E7761001C882B /* Build configuration list for PBXNativeTarget "EdgeDetector" */ = {
			isa = XCConfigurationList;
			buildConfigurations = (
				49A0EB271B9E7761001C882B /* Debug */,
				49A0EB281B9E7761001C882B /* Release */,
			);
			defaultConfigurationIsVisible = 0;
			defaultConfigurationName = Release;
		};
/* End XCConfigurationList section */
	};
	rootObject = 49A0EB171B9E7761001C882B /* Project object */;
}
